
Microsoft Visual Studio Solution File, Format Version 12.00
# Visual Studio Version 16
VisualStudioVersion = 16.0.29613.14
MinimumVisualStudioVersion = 10.0.40219.1
Project("{9A19103F-16F7-4668-BE54-9A1E7A4F7556}") = "Majora.Terminal", "Majora.Terminal\Majora.Terminal.csproj", "{FAA07D80-2E8C-4ACE-985F-B947276AC76C}"
	ProjectSection(ProjectDependencies) = postProject
		{D89DC1B8-4927-41A8-9AA7-2B43BC8F2A3E} = {D89DC1B8-4927-41A8-9AA7-2B43BC8F2A3E}
	EndProjectSection
EndProject
Project("{9A19103F-16F7-4668-BE54-9A1E7A4F7556}") = "MajoraLib", "MajoraLib\MajoraLib.csproj", "{D89DC1B8-4927-41A8-9AA7-2B43BC8F2A3E}"
EndProject
Project("{FAE04EC0-301F-11D3-BF4B-00C04F79EFBC}") = "Majora.Desktop", "Majora.Desktop\Majora.Desktop.csproj", "{DEF02204-1DA7-41F8-B80B-D4A5C7F1119D}"
EndProject
Global
	GlobalSection(SolutionConfigurationPlatforms) = preSolution
		Debug|Any CPU = Debug|Any CPU
		Debug|x64 = Debug|x64
		Release|Any CPU = Release|Any CPU
		Release|x64 = Release|x64
	EndGlobalSection
	GlobalSection(ProjectConfigurationPlatforms) = postSolution
		{FAA07D80-2E8C-4ACE-985F-B947276AC76C}.Debug|Any CPU.ActiveCfg = Debug|Any CPU
		{FAA07D80-2E8C-4ACE-985F-B947276AC76C}.Debug|Any CPU.Build.0 = Debug|Any CPU
		{FAA07D80-2E8C-4ACE-985F-B947276AC76C}.Debug|x64.ActiveCfg = Debug|Any CPU
		{FAA07D80-2E8C-4ACE-985F-B947276AC76C}.Debug|x64.Build.0 = Debug|Any CPU
		{FAA07D80-2E8C-4ACE-985F-B947276AC76C}.Release|Any CPU.ActiveCfg = Release|Any CPU
		{FAA07D80-2E8C-4ACE-985F-B947276AC76C}.Release|Any CPU.Build.0 = Release|Any CPU
		{FAA07D80-2E8C-4ACE-985F-B947276AC76C}.Release|x64.ActiveCfg = Release|Any CPU
		{FAA07D80-2E8C-4ACE-985F-B947276AC76C}.Release|x64.Build.0 = Release|Any CPU
		{D89DC1B8-4927-41A8-9AA7-2B43BC8F2A3E}.Debug|Any CPU.ActiveCfg = Debug|Any CPU
		{D89DC1B8-4927-41A8-9AA7-2B43BC8F2A3E}.Debug|Any CPU.Build.0 = Debug|Any CPU
		{D89DC1B8-4927-41A8-9AA7-2B43BC8F2A3E}.Debug|x64.ActiveCfg = Debug|Any CPU
		{D89DC1B8-4927-41A8-9AA7-2B43BC8F2A3E}.Debug|x64.Build.0 = Debug|Any CPU
		{D89DC1B8-4927-41A8-9AA7-2B43BC8F2A3E}.Release|Any CPU.ActiveCfg = Release|Any CPU
		{D89DC1B8-4927-41A8-9AA7-2B43BC8F2A3E}.Release|Any CPU.Build.0 = Release|Any CPU
		{D89DC1B8-4927-41A8-9AA7-2B43BC8F2A3E}.Release|x64.ActiveCfg = Release|Any CPU
		{D89DC1B8-4927-41A8-9AA7-2B43BC8F2A3E}.Release|x64.Build.0 = Release|Any CPU
		{DEF02204-1DA7-41F8-B80B-D4A5C7F1119D}.Debug|Any CPU.ActiveCfg = Debug|Any CPU
		{DEF02204-1DA7-41F8-B80B-D4A5C7F1119D}.Debug|Any CPU.Build.0 = Debug|Any CPU
		{DEF02204-1DA7-41F8-B80B-D4A5C7F1119D}.Debug|x64.ActiveCfg = Debug|Any CPU
		{DEF02204-1DA7-41F8-B80B-D4A5C7F1119D}.Debug|x64.Build.0 = Debug|Any CPU
		{DEF02204-1DA7-41F8-B80B-D4A5C7F1119D}.Release|Any CPU.ActiveCfg = Release|Any CPU
		{DEF02204-1DA7-41F8-B80B-D4A5C7F1119D}.Release|Any CPU.Build.0 = Release|Any CPU
		{DEF02204-1DA7-41F8-B80B-D4A5C7F1119D}.Release|x64.ActiveCfg = Release|Any CPU
		{DEF02204-1DA7-41F8-B80B-D4A5C7F1119D}.Release|x64.Build.0 = Release|Any CPU
	EndGlobalSection
	GlobalSection(SolutionProperties) = preSolution
		HideSolutionNode = FALSE
	EndGlobalSection
	GlobalSection(ExtensibilityGlobals) = postSolution
		SolutionGuid = {2310ED9D-313C-4F2E-B10A-D1BE5F72DB0A}
	EndGlobalSection
EndGlobal
