
Microsoft Visual Studio Solution File, Format Version 12.00
# Visual Studio Version 16
VisualStudioVersion = 16.0.29613.14
MinimumVisualStudioVersion = 10.0.40219.1
Project("{FAE04EC0-301F-11D3-BF4B-00C04F79EFBC}") = "Majora.Terminal", "Majora.Terminal\Majora.Terminal.csproj", "{FAA07D80-2E8C-4ACE-985F-B947276AC76C}"
EndProject
Global
	GlobalSection(SolutionConfigurationPlatforms) = preSolution
		Debug|Any CPU = Debug|Any CPU
		Release|Any CPU = Release|Any CPU
	EndGlobalSection
	GlobalSection(ProjectConfigurationPlatforms) = postSolution
		{FAA07D80-2E8C-4ACE-985F-B947276AC76C}.Debug|Any CPU.ActiveCfg = Debug|Any CPU
		{FAA07D80-2E8C-4ACE-985F-B947276AC76C}.Debug|Any CPU.Build.0 = Debug|Any CPU
		{FAA07D80-2E8C-4ACE-985F-B947276AC76C}.Release|Any CPU.ActiveCfg = Release|Any CPU
		{FAA07D80-2E8C-4ACE-985F-B947276AC76C}.Release|Any CPU.Build.0 = Release|Any CPU
	EndGlobalSection
	GlobalSection(SolutionProperties) = preSolution
		HideSolutionNode = FALSE
	EndGlobalSection
	GlobalSection(ExtensibilityGlobals) = postSolution
		SolutionGuid = {2310ED9D-313C-4F2E-B10A-D1BE5F72DB0A}
	EndGlobalSection
EndGlobal
